
Microsoft Visual Studio Solution File, Format Version 12.00
# Visual Studio 15
VisualStudioVersion = 15.0.27703.2035
MinimumVisualStudioVersion = 10.0.40219.1
Project("{9A19103F-16F7-4668-BE54-9A1E7A4F7556}") = "UploadFileConsole", "UploadFileConsole\UploadFileConsole.csproj", "{FE29871C-EED6-470F-A93F-C2949B3FEAD7}"
EndProject
Global
	GlobalSection(SolutionConfigurationPlatforms) = preSolution
		Debug|Any CPU = Debug|Any CPU
		Release|Any CPU = Release|Any CPU
	EndGlobalSection
	GlobalSection(ProjectConfigurationPlatforms) = postSolution
		{FE29871C-EED6-470F-A93F-C2949B3FEAD7}.Debug|Any CPU.ActiveCfg = Debug|Any CPU
		{FE29871C-EED6-470F-A93F-C2949B3FEAD7}.Debug|Any CPU.Build.0 = Debug|Any CPU
		{FE29871C-EED6-470F-A93F-C2949B3FEAD7}.Release|Any CPU.ActiveCfg = Release|Any CPU
		{FE29871C-EED6-470F-A93F-C2949B3FEAD7}.Release|Any CPU.Build.0 = Release|Any CPU
	EndGlobalSection
	GlobalSection(SolutionProperties) = preSolution
		HideSolutionNode = FALSE
	EndGlobalSection
	GlobalSection(ExtensibilityGlobals) = postSolution
		SolutionGuid = {A850F10A-5572-4082-A24A-89E95A1EA08D}
	EndGlobalSection
EndGlobal
